
Microsoft Visual Studio Solution File, Format Version 12.00
# Visual Studio Version 16
VisualStudioVersion = 16.0.34031.81
MinimumVisualStudioVersion = 10.0.40219.1
Project("{2150E333-8FDC-42A3-9474-1A3956D46DE8}") = "Task0", "Task0", "{389744F7-BE57-4562-89F3-69AC848CEC5F}"
EndProject
Project("{FAE04EC0-301F-11D3-BF4B-00C04F79EFBC}") = "Tyuiu.KomarovMA.Sprint6.Task0.V18.Lib", "Tyuiu.KomarovMA.Sprint6.Task0.V18.Lib\Tyuiu.KomarovMA.Sprint6.Task0.V18.Lib.csproj", "{9F4A2E8B-53B4-457A-8581-A8F1F0A5D3C5}"
EndProject
Project("{FAE04EC0-301F-11D3-BF4B-00C04F79EFBC}") = "Tyuiu.KomarovMA.Sprint6.Task0.V18.Test", "Tyuiu.KomarovMA.Sprint6.Task0.V18.Test\Tyuiu.KomarovMA.Sprint6.Task0.V18.Test.csproj", "{3296D3FA-6B42-4C06-8B0B-5388990A0023}"
EndProject
Project("{FAE04EC0-301F-11D3-BF4B-00C04F79EFBC}") = "Tyuiu.KomarovMA.Sprint6.Task0.V18", "Tyuiu.KomarovMA.Sprint6.Task0.V18\Tyuiu.KomarovMA.Sprint6.Task0.V18.csproj", "{602233ED-5F98-4D32-9848-5C96B12DBAD3}"
EndProject
Project("{2150E333-8FDC-42A3-9474-1A3956D46DE8}") = "Task1", "Task1", "{3ACD98E6-2CAE-4B72-9EE2-05CAA9E50203}"
EndProject
Project("{FAE04EC0-301F-11D3-BF4B-00C04F79EFBC}") = "Tyuiu.KomarovMA.Sprint6.Task1.V24.Lib", "Tyuiu.KomarovMA.Sprint6.Task1.V24.Lib\Tyuiu.KomarovMA.Sprint6.Task1.V24.Lib.csproj", "{D16923F1-C853-472B-B73C-862500A1B901}"
EndProject
Project("{FAE04EC0-301F-11D3-BF4B-00C04F79EFBC}") = "Tyuiu.KomarovMA.Sprint6.Task1.V24.Test", "Tyuiu.KomarovMA.Sprint6.Task1.V24.Test\Tyuiu.KomarovMA.Sprint6.Task1.V24.Test.csproj", "{126301CA-1B4B-4E98-A5E5-68EFB82DEDAD}"
EndProject
Project("{FAE04EC0-301F-11D3-BF4B-00C04F79EFBC}") = "Tyuiu.KomarovMA.Sprint6.Task1.V24", "Tyuiu.KomarovMA.Sprint6.Task1.V24\Tyuiu.KomarovMA.Sprint6.Task1.V24.csproj", "{BB35C397-FD3B-4AEA-B0D0-F33554FF8F2A}"
EndProject
Project("{2150E333-8FDC-42A3-9474-1A3956D46DE8}") = "Task2", "Task2", "{3978B26D-064C-499D-9EF1-5508E0E55946}"
EndProject
Project("{2150E333-8FDC-42A3-9474-1A3956D46DE8}") = "Task3", "Task3", "{E1052F6A-71FD-477B-A30E-938DC4CF03C7}"
EndProject
Project("{FAE04EC0-301F-11D3-BF4B-00C04F79EFBC}") = "Tyuiu.KomarovMA.Sprint6.Task3.V29.Lib", "Tyuiu.KomarovMA.Sprint6.Task3.V29.Lib\Tyuiu.KomarovMA.Sprint6.Task3.V29.Lib.csproj", "{57E93F26-A573-4610-A00C-C4C3FC14D386}"
EndProject
Project("{FAE04EC0-301F-11D3-BF4B-00C04F79EFBC}") = "Tyuiu.KomarovMA.Sprint6.Task3.V29.Test", "Tyuiu.KomarovMA.Sprint6.Task3.V29.Test\Tyuiu.KomarovMA.Sprint6.Task3.V29.Test.csproj", "{38718C90-D3ED-4466-A7C2-9DC3E2CF4236}"
EndProject
Project("{FAE04EC0-301F-11D3-BF4B-00C04F79EFBC}") = "Tyuiu.KomarovMA.Sprint6.Task3.V29", "Tyuiu.KomarovMA.Sprint6.Task3.V29\Tyuiu.KomarovMA.Sprint6.Task3.V29.csproj", "{3B88E34E-6E09-40CE-9CEA-A0C033B800FD}"
EndProject
Project("{FAE04EC0-301F-11D3-BF4B-00C04F79EFBC}") = "Tyuiu.KomarovMA.Sprint6.Task2.V15.Lib", "Tyuiu.KomarovMA.Sprint6.Task2.V15.Lib\Tyuiu.KomarovMA.Sprint6.Task2.V15.Lib.csproj", "{532E59BA-0589-4B55-9BC8-14648AFE294B}"
EndProject
Project("{FAE04EC0-301F-11D3-BF4B-00C04F79EFBC}") = "Tyuiu.KomarovMA.Sprint6.Task2.V15.Test", "Tyuiu.KomarovMA.Sprint6.Task2.V15.Test\Tyuiu.KomarovMA.Sprint6.Task2.V15.Test.csproj", "{5F6C4BA1-34D3-40A5-A270-DDB814C84C42}"
EndProject
Project("{FAE04EC0-301F-11D3-BF4B-00C04F79EFBC}") = "Tyuiu.KomarovMA.Sprint6.Task2.V15", "Tyuiu.KomarovMA.Sprint6.Task2.V15\Tyuiu.KomarovMA.Sprint6.Task2.V15.csproj", "{04751B2C-2D21-4802-8358-B51DAEFC210F}"
EndProject
Project("{2150E333-8FDC-42A3-9474-1A3956D46DE8}") = "Task4", "Task4", "{42C6F78B-6189-4115-A868-B7BE3BB721AD}"
EndProject
Project("{FAE04EC0-301F-11D3-BF4B-00C04F79EFBC}") = "Tyuiu.KomarovMA.Sprint6.Task4.V27.Lib", "Tyuiu.KomarovMA.Sprint6.Task4.V27.Lib\Tyuiu.KomarovMA.Sprint6.Task4.V27.Lib.csproj", "{3F76983F-4D49-4D6B-8108-3F2065A3EFAC}"
EndProject
Project("{FAE04EC0-301F-11D3-BF4B-00C04F79EFBC}") = "Tyuiu.KomarovMA.Sprint6.Task4.V27.Test", "Tyuiu.KomarovMA.Sprint6.Task4.V27.Test\Tyuiu.KomarovMA.Sprint6.Task4.V27.Test.csproj", "{8CB27927-72A0-4BB1-99BD-BB75ED088641}"
EndProject
Project("{FAE04EC0-301F-11D3-BF4B-00C04F79EFBC}") = "Tyuiu.KomarovMA.Sprint6.Task4.V27", "Tyuiu.KomarovMA.Sprint6.Task4.V27\Tyuiu.KomarovMA.Sprint6.Task4.V27.csproj", "{878D0A41-A9C9-433F-BD0B-6C61C3B4EA23}"
EndProject
Global
	GlobalSection(SolutionConfigurationPlatforms) = preSolution
		Debug|Any CPU = Debug|Any CPU
		Release|Any CPU = Release|Any CPU
	EndGlobalSection
	GlobalSection(ProjectConfigurationPlatforms) = postSolution
		{9F4A2E8B-53B4-457A-8581-A8F1F0A5D3C5}.Debug|Any CPU.ActiveCfg = Debug|Any CPU
		{9F4A2E8B-53B4-457A-8581-A8F1F0A5D3C5}.Debug|Any CPU.Build.0 = Debug|Any CPU
		{9F4A2E8B-53B4-457A-8581-A8F1F0A5D3C5}.Release|Any CPU.ActiveCfg = Release|Any CPU
		{9F4A2E8B-53B4-457A-8581-A8F1F0A5D3C5}.Release|Any CPU.Build.0 = Release|Any CPU
		{3296D3FA-6B42-4C06-8B0B-5388990A0023}.Debug|Any CPU.ActiveCfg = Debug|Any CPU
		{3296D3FA-6B42-4C06-8B0B-5388990A0023}.Debug|Any CPU.Build.0 = Debug|Any CPU
		{3296D3FA-6B42-4C06-8B0B-5388990A0023}.Release|Any CPU.ActiveCfg = Release|Any CPU
		{3296D3FA-6B42-4C06-8B0B-5388990A0023}.Release|Any CPU.Build.0 = Release|Any CPU
		{602233ED-5F98-4D32-9848-5C96B12DBAD3}.Debug|Any CPU.ActiveCfg = Debug|Any CPU
		{602233ED-5F98-4D32-9848-5C96B12DBAD3}.Debug|Any CPU.Build.0 = Debug|Any CPU
		{602233ED-5F98-4D32-9848-5C96B12DBAD3}.Release|Any CPU.ActiveCfg = Release|Any CPU
		{602233ED-5F98-4D32-9848-5C96B12DBAD3}.Release|Any CPU.Build.0 = Release|Any CPU
		{D16923F1-C853-472B-B73C-862500A1B901}.Debug|Any CPU.ActiveCfg = Debug|Any CPU
		{D16923F1-C853-472B-B73C-862500A1B901}.Debug|Any CPU.Build.0 = Debug|Any CPU
		{D16923F1-C853-472B-B73C-862500A1B901}.Release|Any CPU.ActiveCfg = Release|Any CPU
		{D16923F1-C853-472B-B73C-862500A1B901}.Release|Any CPU.Build.0 = Release|Any CPU
		{126301CA-1B4B-4E98-A5E5-68EFB82DEDAD}.Debug|Any CPU.ActiveCfg = Debug|Any CPU
		{126301CA-1B4B-4E98-A5E5-68EFB82DEDAD}.Debug|Any CPU.Build.0 = Debug|Any CPU
		{126301CA-1B4B-4E98-A5E5-68EFB82DEDAD}.Release|Any CPU.ActiveCfg = Release|Any CPU
		{126301CA-1B4B-4E98-A5E5-68EFB82DEDAD}.Release|Any CPU.Build.0 = Release|Any CPU
		{BB35C397-FD3B-4AEA-B0D0-F33554FF8F2A}.Debug|Any CPU.ActiveCfg = Debug|Any CPU
		{BB35C397-FD3B-4AEA-B0D0-F33554FF8F2A}.Debug|Any CPU.Build.0 = Debug|Any CPU
		{BB35C397-FD3B-4AEA-B0D0-F33554FF8F2A}.Release|Any CPU.ActiveCfg = Release|Any CPU
		{BB35C397-FD3B-4AEA-B0D0-F33554FF8F2A}.Release|Any CPU.Build.0 = Release|Any CPU
		{57E93F26-A573-4610-A00C-C4C3FC14D386}.Debug|Any CPU.ActiveCfg = Debug|Any CPU
		{57E93F26-A573-4610-A00C-C4C3FC14D386}.Debug|Any CPU.Build.0 = Debug|Any CPU
		{57E93F26-A573-4610-A00C-C4C3FC14D386}.Release|Any CPU.ActiveCfg = Release|Any CPU
		{57E93F26-A573-4610-A00C-C4C3FC14D386}.Release|Any CPU.Build.0 = Release|Any CPU
		{38718C90-D3ED-4466-A7C2-9DC3E2CF4236}.Debug|Any CPU.ActiveCfg = Debug|Any CPU
		{38718C90-D3ED-4466-A7C2-9DC3E2CF4236}.Debug|Any CPU.Build.0 = Debug|Any CPU
		{38718C90-D3ED-4466-A7C2-9DC3E2CF4236}.Release|Any CPU.ActiveCfg = Release|Any CPU
		{38718C90-D3ED-4466-A7C2-9DC3E2CF4236}.Release|Any CPU.Build.0 = Release|Any CPU
		{3B88E34E-6E09-40CE-9CEA-A0C033B800FD}.Debug|Any CPU.ActiveCfg = Debug|Any CPU
		{3B88E34E-6E09-40CE-9CEA-A0C033B800FD}.Debug|Any CPU.Build.0 = Debug|Any CPU
		{3B88E34E-6E09-40CE-9CEA-A0C033B800FD}.Release|Any CPU.ActiveCfg = Release|Any CPU
		{3B88E34E-6E09-40CE-9CEA-A0C033B800FD}.Release|Any CPU.Build.0 = Release|Any CPU
		{532E59BA-0589-4B55-9BC8-14648AFE294B}.Debug|Any CPU.ActiveCfg = Debug|Any CPU
		{532E59BA-0589-4B55-9BC8-14648AFE294B}.Debug|Any CPU.Build.0 = Debug|Any CPU
		{532E59BA-0589-4B55-9BC8-14648AFE294B}.Release|Any CPU.ActiveCfg = Release|Any CPU
		{532E59BA-0589-4B55-9BC8-14648AFE294B}.Release|Any CPU.Build.0 = Release|Any CPU
		{5F6C4BA1-34D3-40A5-A270-DDB814C84C42}.Debug|Any CPU.ActiveCfg = Debug|Any CPU
		{5F6C4BA1-34D3-40A5-A270-DDB814C84C42}.Debug|Any CPU.Build.0 = Debug|Any CPU
		{5F6C4BA1-34D3-40A5-A270-DDB814C84C42}.Release|Any CPU.ActiveCfg = Release|Any CPU
		{5F6C4BA1-34D3-40A5-A270-DDB814C84C42}.Release|Any CPU.Build.0 = Release|Any CPU
		{04751B2C-2D21-4802-8358-B51DAEFC210F}.Debug|Any CPU.ActiveCfg = Debug|Any CPU
		{04751B2C-2D21-4802-8358-B51DAEFC210F}.Debug|Any CPU.Build.0 = Debug|Any CPU
		{04751B2C-2D21-4802-8358-B51DAEFC210F}.Release|Any CPU.ActiveCfg = Release|Any CPU
		{04751B2C-2D21-4802-8358-B51DAEFC210F}.Release|Any CPU.Build.0 = Release|Any CPU
		{3F76983F-4D49-4D6B-8108-3F2065A3EFAC}.Debug|Any CPU.ActiveCfg = Debug|Any CPU
		{3F76983F-4D49-4D6B-8108-3F2065A3EFAC}.Debug|Any CPU.Build.0 = Debug|Any CPU
		{3F76983F-4D49-4D6B-8108-3F2065A3EFAC}.Release|Any CPU.ActiveCfg = Release|Any CPU
		{3F76983F-4D49-4D6B-8108-3F2065A3EFAC}.Release|Any CPU.Build.0 = Release|Any CPU
		{8CB27927-72A0-4BB1-99BD-BB75ED088641}.Debug|Any CPU.ActiveCfg = Debug|Any CPU
		{8CB27927-72A0-4BB1-99BD-BB75ED088641}.Debug|Any CPU.Build.0 = Debug|Any CPU
		{8CB27927-72A0-4BB1-99BD-BB75ED088641}.Release|Any CPU.ActiveCfg = Release|Any CPU
		{8CB27927-72A0-4BB1-99BD-BB75ED088641}.Release|Any CPU.Build.0 = Release|Any CPU
		{878D0A41-A9C9-433F-BD0B-6C61C3B4EA23}.Debug|Any CPU.ActiveCfg = Debug|Any CPU
		{878D0A41-A9C9-433F-BD0B-6C61C3B4EA23}.Debug|Any CPU.Build.0 = Debug|Any CPU
		{878D0A41-A9C9-433F-BD0B-6C61C3B4EA23}.Release|Any CPU.ActiveCfg = Release|Any CPU
		{878D0A41-A9C9-433F-BD0B-6C61C3B4EA23}.Release|Any CPU.Build.0 = Release|Any CPU
	EndGlobalSection
	GlobalSection(SolutionProperties) = preSolution
		HideSolutionNode = FALSE
	EndGlobalSection
	GlobalSection(NestedProjects) = preSolution
		{9F4A2E8B-53B4-457A-8581-A8F1F0A5D3C5} = {389744F7-BE57-4562-89F3-69AC848CEC5F}
		{3296D3FA-6B42-4C06-8B0B-5388990A0023} = {389744F7-BE57-4562-89F3-69AC848CEC5F}
		{602233ED-5F98-4D32-9848-5C96B12DBAD3} = {389744F7-BE57-4562-89F3-69AC848CEC5F}
		{D16923F1-C853-472B-B73C-862500A1B901} = {3ACD98E6-2CAE-4B72-9EE2-05CAA9E50203}
		{126301CA-1B4B-4E98-A5E5-68EFB82DEDAD} = {3ACD98E6-2CAE-4B72-9EE2-05CAA9E50203}
		{BB35C397-FD3B-4AEA-B0D0-F33554FF8F2A} = {3ACD98E6-2CAE-4B72-9EE2-05CAA9E50203}
		{57E93F26-A573-4610-A00C-C4C3FC14D386} = {E1052F6A-71FD-477B-A30E-938DC4CF03C7}
		{38718C90-D3ED-4466-A7C2-9DC3E2CF4236} = {E1052F6A-71FD-477B-A30E-938DC4CF03C7}
		{3B88E34E-6E09-40CE-9CEA-A0C033B800FD} = {E1052F6A-71FD-477B-A30E-938DC4CF03C7}
		{532E59BA-0589-4B55-9BC8-14648AFE294B} = {3978B26D-064C-499D-9EF1-5508E0E55946}
		{5F6C4BA1-34D3-40A5-A270-DDB814C84C42} = {3978B26D-064C-499D-9EF1-5508E0E55946}
		{04751B2C-2D21-4802-8358-B51DAEFC210F} = {3978B26D-064C-499D-9EF1-5508E0E55946}
		{3F76983F-4D49-4D6B-8108-3F2065A3EFAC} = {42C6F78B-6189-4115-A868-B7BE3BB721AD}
		{8CB27927-72A0-4BB1-99BD-BB75ED088641} = {42C6F78B-6189-4115-A868-B7BE3BB721AD}
		{878D0A41-A9C9-433F-BD0B-6C61C3B4EA23} = {42C6F78B-6189-4115-A868-B7BE3BB721AD}
	EndGlobalSection
	GlobalSection(ExtensibilityGlobals) = postSolution
		SolutionGuid = {54F52D40-F387-411B-9627-BB9028939CE9}
	EndGlobalSection
EndGlobal
